{
  "name": "specs",
  "lockfileVersion": 3,
  "requires": true,
  "packages": {
    "": {
      "devDependencies": {
        "cz-git": "^1.8.0"
      }
    },
    "node_modules/cz-git": {
      "version": "1.8.0",
      "resolved": "https://registry.npmjs.org/cz-git/-/cz-git-1.8.0.tgz",
      "integrity": "sha512-XL5nXiqbW10YswQqWODrbwyWhydw3mLhP8OBrXyl8u4sIjTf/6mhGsizd6FA2VgPc4tZaNGguFoUyDj7vIBouw==",
      "dev": true,
      "engines": {
        "node": ">=v12.20.0"
      }
    }
  }
}
